
Microsoft Visual Studio Solution File, Format Version 12.00
# Visual Studio Version 16
VisualStudioVersion = 16.0.28922.388
MinimumVisualStudioVersion = 10.0.40219.1
Project("{FAE04EC0-301F-11D3-BF4B-00C04F79EFBC}") = "FormKontrolleri", "FormKontrolleri\FormKontrolleri.csproj", "{180D1A3A-D0D1-4D62-BE9D-0546D41E99BE}"
EndProject
Global
	GlobalSection(SolutionConfigurationPlatforms) = preSolution
		Debug|Any CPU = Debug|Any CPU
		Release|Any CPU = Release|Any CPU
	EndGlobalSection
	GlobalSection(ProjectConfigurationPlatforms) = postSolution
		{180D1A3A-D0D1-4D62-BE9D-0546D41E99BE}.Debug|Any CPU.ActiveCfg = Debug|Any CPU
		{180D1A3A-D0D1-4D62-BE9D-0546D41E99BE}.Debug|Any CPU.Build.0 = Debug|Any CPU
		{180D1A3A-D0D1-4D62-BE9D-0546D41E99BE}.Release|Any CPU.ActiveCfg = Release|Any CPU
		{180D1A3A-D0D1-4D62-BE9D-0546D41E99BE}.Release|Any CPU.Build.0 = Release|Any CPU
	EndGlobalSection
	GlobalSection(SolutionProperties) = preSolution
		HideSolutionNode = FALSE
	EndGlobalSection
	GlobalSection(ExtensibilityGlobals) = postSolution
		SolutionGuid = {904EA86F-1973-4B22-8D47-D4B9D7414176}
	EndGlobalSection
EndGlobal
